{
  "name": "odysseus",
  "lockfileVersion": 3,
  "requires": true,
  "packages": {
    "": {
      "devDependencies": {
        "@antithesishq/bombadil": "^0.7.6"
      }
    },
    "node_modules/@antithesishq/bombadil": {
      "version": "0.7.6",
      "resolved": "https://registry.npmjs.org/@antithesishq/bombadil/-/bombadil-0.7.6.tgz",
      "integrity": "sha512-XmoYxKgdu/EltrsHahPYxEb5jKqdIoF0Qf59J1ggVSNe1VH28DzKw5m6t2Vg+FVE+EJDDoYZ+ilhbXdTQYzO/A==",
      "dev": true,
      "license": "MIT",
      "bin": {
        "bombadil": "bin/bombadil.js"
      }
    }
  }
}
