{
  "name": "odysseus",
  "lockfileVersion": 3,
  "requires": true,
  "packages": {
    "": {
      "devDependencies": {
        "@antithesishq/bombadil": "^0.7.4"
      }
    },
    "node_modules/@antithesishq/bombadil": {
      "version": "0.7.4",
      "resolved": "https://registry.npmjs.org/@antithesishq/bombadil/-/bombadil-0.7.4.tgz",
      "integrity": "sha512-/MbAVeUZ9LP85SmlaNetv8wbWgjAdYJ9WuIcFSb+M5QEwTCmolw4KW+jL0N08Pwby5iWwuCZmFtp6m18Bq6qiw==",
      "dev": true,
      "license": "MIT",
      "bin": {
        "bombadil": "bin/bombadil.js"
      }
    }
  }
}
