{
  "name": "odysseus",
  "lockfileVersion": 3,
  "requires": true,
  "packages": {
    "": {
      "devDependencies": {
        "@antithesishq/bombadil": "^0.7.7"
      }
    },
    "node_modules/@antithesishq/bombadil": {
      "version": "0.7.7",
      "resolved": "https://registry.npmjs.org/@antithesishq/bombadil/-/bombadil-0.7.7.tgz",
      "integrity": "sha512-TlFKF4BDEUudO6xFxF/gk21VcQ6zscDl7GZbkujRie7JuNH/tDPBr9hM+8TYEk5XojBXqQ/+oKpAzCm9Z44sgg==",
      "dev": true,
      "license": "MIT",
      "bin": {
        "bombadil": "bin/bombadil.js"
      }
    }
  }
}
